
Microsoft Visual Studio Solution File, Format Version 12.00
# Visual Studio Version 17
VisualStudioVersion = 17.13.35931.197 d17.13
MinimumVisualStudioVersion = 10.0.40219.1
Project("{FAE04EC0-301F-11D3-BF4B-00C04F79EFBC}") = "EShop", "EShop.csproj", "{B9F07252-F12E-48E6-B7E0-82B55D6CA040}"
EndProject
Global
	GlobalSection(SolutionConfigurationPlatforms) = preSolution
		Debug|Any CPU = Debug|Any CPU
		Release|Any CPU = Release|Any CPU
	EndGlobalSection
	GlobalSection(ProjectConfigurationPlatforms) = postSolution
		{B9F07252-F12E-48E6-B7E0-82B55D6CA040}.Debug|Any CPU.ActiveCfg = Debug|Any CPU
		{B9F07252-F12E-48E6-B7E0-82B55D6CA040}.Debug|Any CPU.Build.0 = Debug|Any CPU
		{B9F07252-F12E-48E6-B7E0-82B55D6CA040}.Release|Any CPU.ActiveCfg = Release|Any CPU
		{B9F07252-F12E-48E6-B7E0-82B55D6CA040}.Release|Any CPU.Build.0 = Release|Any CPU
	EndGlobalSection
	GlobalSection(SolutionProperties) = preSolution
		HideSolutionNode = FALSE
	EndGlobalSection
	GlobalSection(ExtensibilityGlobals) = postSolution
		SolutionGuid = {8163DB71-4FE6-400A-9263-359A0CE2B082}
	EndGlobalSection
EndGlobal
